
Microsoft Visual Studio Solution File, Format Version 12.00
# Visual Studio Version 17
VisualStudioVersion = 17.8.34525.116
MinimumVisualStudioVersion = 10.0.40219.1
Project("{FAE04EC0-301F-11D3-BF4B-00C04F79EFBC}") = "Linq_Task2", "Linq_Task2\Linq_Task2.csproj", "{996E7E96-F14E-44B1-A65B-C22AED67E1F2}"
EndProject
Global
	GlobalSection(SolutionConfigurationPlatforms) = preSolution
		Debug|Any CPU = Debug|Any CPU
		Release|Any CPU = Release|Any CPU
	EndGlobalSection
	GlobalSection(ProjectConfigurationPlatforms) = postSolution
		{996E7E96-F14E-44B1-A65B-C22AED67E1F2}.Debug|Any CPU.ActiveCfg = Debug|Any CPU
		{996E7E96-F14E-44B1-A65B-C22AED67E1F2}.Debug|Any CPU.Build.0 = Debug|Any CPU
		{996E7E96-F14E-44B1-A65B-C22AED67E1F2}.Release|Any CPU.ActiveCfg = Release|Any CPU
		{996E7E96-F14E-44B1-A65B-C22AED67E1F2}.Release|Any CPU.Build.0 = Release|Any CPU
	EndGlobalSection
	GlobalSection(SolutionProperties) = preSolution
		HideSolutionNode = FALSE
	EndGlobalSection
	GlobalSection(ExtensibilityGlobals) = postSolution
		SolutionGuid = {FA9465EF-AA05-4C30-B0DC-D085DAAFB43F}
	EndGlobalSection
EndGlobal
